
Microsoft Visual Studio Solution File, Format Version 12.00
# Visual Studio Version 17
VisualStudioVersion = 17.1.32421.90
MinimumVisualStudioVersion = 10.0.40219.1
Project("{FAE04EC0-301F-11D3-BF4B-00C04F79EFBC}") = "FasterSpectator", "FasterSpectator.csproj", "{38FF64FA-E4DA-436E-A608-B0A853A6D40A}"
EndProject
Global
	GlobalSection(SolutionConfigurationPlatforms) = preSolution
		Debug|Any CPU = Debug|Any CPU
		Release|Any CPU = Release|Any CPU
	EndGlobalSection
	GlobalSection(ProjectConfigurationPlatforms) = postSolution
		{38FF64FA-E4DA-436E-A608-B0A853A6D40A}.Debug|Any CPU.ActiveCfg = Debug|Any CPU
		{38FF64FA-E4DA-436E-A608-B0A853A6D40A}.Debug|Any CPU.Build.0 = Debug|Any CPU
		{38FF64FA-E4DA-436E-A608-B0A853A6D40A}.Release|Any CPU.ActiveCfg = Release|Any CPU
		{38FF64FA-E4DA-436E-A608-B0A853A6D40A}.Release|Any CPU.Build.0 = Release|Any CPU
	EndGlobalSection
	GlobalSection(SolutionProperties) = preSolution
		HideSolutionNode = FALSE
	EndGlobalSection
	GlobalSection(ExtensibilityGlobals) = postSolution
		SolutionGuid = {42483102-3CF8-489A-9EEF-99BB92DFCC45}
	EndGlobalSection
EndGlobal
