
Microsoft Visual Studio Solution File, Format Version 12.00
# Visual Studio 15
VisualStudioVersion = 15.0.28307.1778
MinimumVisualStudioVersion = 10.0.40219.1
Project("{9A19103F-16F7-4668-BE54-9A1E7A4F7556}") = "BetterHearing", "BetterHearing.csproj", "{7D09695A-F681-4E82-BAE7-CB60803F839C}"
EndProject
Global
	GlobalSection(SolutionConfigurationPlatforms) = preSolution
		Debug|Any CPU = Debug|Any CPU
		Release|Any CPU = Release|Any CPU
	EndGlobalSection
	GlobalSection(ProjectConfigurationPlatforms) = postSolution
		{7D09695A-F681-4E82-BAE7-CB60803F839C}.Debug|Any CPU.ActiveCfg = Debug|Any CPU
		{7D09695A-F681-4E82-BAE7-CB60803F839C}.Debug|Any CPU.Build.0 = Debug|Any CPU
		{7D09695A-F681-4E82-BAE7-CB60803F839C}.Release|Any CPU.ActiveCfg = Release|Any CPU
		{7D09695A-F681-4E82-BAE7-CB60803F839C}.Release|Any CPU.Build.0 = Release|Any CPU
	EndGlobalSection
	GlobalSection(SolutionProperties) = preSolution
		HideSolutionNode = FALSE
	EndGlobalSection
	GlobalSection(ExtensibilityGlobals) = postSolution
		SolutionGuid = {82A50867-8887-4908-94FA-10A51A8AFB8B}
	EndGlobalSection
EndGlobal
