
Microsoft Visual Studio Solution File, Format Version 12.00
# Visual Studio Version 17
VisualStudioVersion = 17.1.32421.90
MinimumVisualStudioVersion = 10.0.40219.1
Project("{FAE04EC0-301F-11D3-BF4B-00C04F79EFBC}") = "RemoveWhiteOut", "RemoveWhiteOut.csproj", "{1C0458B3-0ABB-4671-B93B-EAA4779A082B}"
EndProject
Global
	GlobalSection(SolutionConfigurationPlatforms) = preSolution
		Debug|Any CPU = Debug|Any CPU
		Release|Any CPU = Release|Any CPU
	EndGlobalSection
	GlobalSection(ProjectConfigurationPlatforms) = postSolution
		{1C0458B3-0ABB-4671-B93B-EAA4779A082B}.Debug|Any CPU.ActiveCfg = Debug|Any CPU
		{1C0458B3-0ABB-4671-B93B-EAA4779A082B}.Debug|Any CPU.Build.0 = Debug|Any CPU
		{1C0458B3-0ABB-4671-B93B-EAA4779A082B}.Release|Any CPU.ActiveCfg = Release|Any CPU
		{1C0458B3-0ABB-4671-B93B-EAA4779A082B}.Release|Any CPU.Build.0 = Release|Any CPU
	EndGlobalSection
	GlobalSection(SolutionProperties) = preSolution
		HideSolutionNode = FALSE
	EndGlobalSection
	GlobalSection(ExtensibilityGlobals) = postSolution
		SolutionGuid = {0B37DFE6-B8D3-4B7F-B879-DEBB710EC675}
	EndGlobalSection
EndGlobal
