
Microsoft Visual Studio Solution File, Format Version 12.00
# Visual Studio 15
VisualStudioVersion = 15.0.28307.1778
MinimumVisualStudioVersion = 10.0.40219.1
Project("{9A19103F-16F7-4668-BE54-9A1E7A4F7556}") = "BetterSosigSpawner", "BetterSosigSpawner.csproj", "{E6061025-C11A-4E91-8DBA-D8D59F3A3745}"
EndProject
Global
	GlobalSection(SolutionConfigurationPlatforms) = preSolution
		Debug|Any CPU = Debug|Any CPU
		Release|Any CPU = Release|Any CPU
	EndGlobalSection
	GlobalSection(ProjectConfigurationPlatforms) = postSolution
		{E6061025-C11A-4E91-8DBA-D8D59F3A3745}.Debug|Any CPU.ActiveCfg = Debug|Any CPU
		{E6061025-C11A-4E91-8DBA-D8D59F3A3745}.Debug|Any CPU.Build.0 = Debug|Any CPU
		{E6061025-C11A-4E91-8DBA-D8D59F3A3745}.Release|Any CPU.ActiveCfg = Release|Any CPU
		{E6061025-C11A-4E91-8DBA-D8D59F3A3745}.Release|Any CPU.Build.0 = Release|Any CPU
	EndGlobalSection
	GlobalSection(SolutionProperties) = preSolution
		HideSolutionNode = FALSE
	EndGlobalSection
	GlobalSection(ExtensibilityGlobals) = postSolution
		SolutionGuid = {7A903F2C-45FF-4E9C-9B42-E031D3E1FC22}
	EndGlobalSection
EndGlobal
